
Microsoft Visual Studio Solution File, Format Version 12.00
# Visual Studio Version 17
VisualStudioVersion = 17.10.35013.160
MinimumVisualStudioVersion = 10.0.40219.1
Project("{9A19103F-16F7-4668-BE54-9A1E7A4F7556}") = "OllamaConsoleApp", "OllamaConsoleApp\OllamaConsoleApp.csproj", "{D096BC86-FEBA-48FB-B0FE-E211FEA2C80F}"
EndProject
Project("{9A19103F-16F7-4668-BE54-9A1E7A4F7556}") = "OllamaWinFormsApp", "OllamaWinFormsApp\OllamaWinFormsApp.csproj", "{08836969-8A60-4DCD-AF04-9F876B07BA7B}"
EndProject
Project("{9A19103F-16F7-4668-BE54-9A1E7A4F7556}") = "OllamaChatBlazorApp", "OllamaChatBlazorApp\OllamaChatBlazorApp.csproj", "{A6405F8F-F6D9-44ED-8EFB-A2E8CF29CA05}"
EndProject
Global
	GlobalSection(SolutionConfigurationPlatforms) = preSolution
		Debug|Any CPU = Debug|Any CPU
		Release|Any CPU = Release|Any CPU
	EndGlobalSection
	GlobalSection(ProjectConfigurationPlatforms) = postSolution
		{D096BC86-FEBA-48FB-B0FE-E211FEA2C80F}.Debug|Any CPU.ActiveCfg = Debug|Any CPU
		{D096BC86-FEBA-48FB-B0FE-E211FEA2C80F}.Debug|Any CPU.Build.0 = Debug|Any CPU
		{D096BC86-FEBA-48FB-B0FE-E211FEA2C80F}.Release|Any CPU.ActiveCfg = Release|Any CPU
		{D096BC86-FEBA-48FB-B0FE-E211FEA2C80F}.Release|Any CPU.Build.0 = Release|Any CPU
		{08836969-8A60-4DCD-AF04-9F876B07BA7B}.Debug|Any CPU.ActiveCfg = Debug|Any CPU
		{08836969-8A60-4DCD-AF04-9F876B07BA7B}.Debug|Any CPU.Build.0 = Debug|Any CPU
		{08836969-8A60-4DCD-AF04-9F876B07BA7B}.Release|Any CPU.ActiveCfg = Release|Any CPU
		{08836969-8A60-4DCD-AF04-9F876B07BA7B}.Release|Any CPU.Build.0 = Release|Any CPU
		{A6405F8F-F6D9-44ED-8EFB-A2E8CF29CA05}.Debug|Any CPU.ActiveCfg = Debug|Any CPU
		{A6405F8F-F6D9-44ED-8EFB-A2E8CF29CA05}.Debug|Any CPU.Build.0 = Debug|Any CPU
		{A6405F8F-F6D9-44ED-8EFB-A2E8CF29CA05}.Release|Any CPU.ActiveCfg = Release|Any CPU
		{A6405F8F-F6D9-44ED-8EFB-A2E8CF29CA05}.Release|Any CPU.Build.0 = Release|Any CPU
	EndGlobalSection
	GlobalSection(SolutionProperties) = preSolution
		HideSolutionNode = FALSE
	EndGlobalSection
	GlobalSection(ExtensibilityGlobals) = postSolution
		SolutionGuid = {4C8045CE-E094-4E11-80E0-E85F7815FF67}
	EndGlobalSection
EndGlobal
